// !$*UTF8*$!
{
	archiveVersion = 1;
	classes = {
	};
	objectVersion = 55;
	objects = {

/* Begin PBXBuildFile section */
		6D946E766B3321EA42F2AEF7 /* Pods_Calc.framework in Frameworks */ = {isa = PBXBuildFile; fileRef = B6EF013AFB275C3A3180D1BF /* Pods_Calc.framework */; };
		841820FD289B61FA008C17F8 /* AppDelegate.swift in Sources */ = {isa = PBXBuildFile; fileRef = 841820FC289B61FA008C17F8 /* AppDelegate.swift */; };
		841820FF289B61FA008C17F8 /* SceneDelegate.swift in Sources */ = {isa = PBXBuildFile; fileRef = 841820FE289B61FA008C17F8 /* SceneDelegate.swift */; };
		84182101289B61FA008C17F8 /* ViewController.swift in Sources */ = {isa = PBXBuildFile; fileRef = 84182100289B61FA008C17F8 /* ViewController.swift */; };
		84182106289B61FC008C17F8 /* Assets.xcassets in Resources */ = {isa = PBXBuildFile; fileRef = 84182105289B61FC008C17F8 /* Assets.xcassets */; };
		84182109289B61FC008C17F8 /* LaunchScreen.storyboard in Resources */ = {isa = PBXBuildFile; fileRef = 84182107289B61FC008C17F8 /* LaunchScreen.storyboard */; };
		8449E44D28C5D67800E463E8 /* CalculatorViewModel.swift in Sources */ = {isa = PBXBuildFile; fileRef = 8449E44C28C5D67800E463E8 /* CalculatorViewModel.swift */; };
		8449E44F28C61F6100E463E8 /* ResultView.swift in Sources */ = {isa = PBXBuildFile; fileRef = 8449E44E28C61F6100E463E8 /* ResultView.swift */; };
		8449E45128C61FBD00E463E8 /* ButtonView.swift in Sources */ = {isa = PBXBuildFile; fileRef = 8449E45028C61FBD00E463E8 /* ButtonView.swift */; };
		84B2FA48289D69E4005E24AF /* SwipeController.swift in Sources */ = {isa = PBXBuildFile; fileRef = 84B2FA47289D69E4005E24AF /* SwipeController.swift */; };
		84B2FA4A289D7BE7005E24AF /* PagedView.swift in Sources */ = {isa = PBXBuildFile; fileRef = 84B2FA49289D7BE7005E24AF /* PagedView.swift */; };
		84B2FA4C289D8D49005E24AF /* OperatorHelper.swift in Sources */ = {isa = PBXBuildFile; fileRef = 84B2FA4B289D8D48005E24AF /* OperatorHelper.swift */; };
/* End PBXBuildFile section */

/* Begin PBXFileReference section */
		2F1E04D8E67953D4A64421C2 /* Pods-Calc.release.xcconfig */ = {isa = PBXFileReference; includeInIndex = 1; lastKnownFileType = text.xcconfig; name = "Pods-Calc.release.xcconfig"; path = "Target Support Files/Pods-Calc/Pods-Calc.release.xcconfig"; sourceTree = "<group>"; };
		77471EFA59F5270E02E7DFAE /* Pods-Calc.debug.xcconfig */ = {isa = PBXFileReference; includeInIndex = 1; lastKnownFileType = text.xcconfig; name = "Pods-Calc.debug.xcconfig"; path = "Target Support Files/Pods-Calc/Pods-Calc.debug.xcconfig"; sourceTree = "<group>"; };
		841820F9289B61FA008C17F8 /* Calc.app */ = {isa = PBXFileReference; explicitFileType = wrapper.application; includeInIndex = 0; path = Calc.app; sourceTree = BUILT_PRODUCTS_DIR; };
		841820FC289B61FA008C17F8 /* AppDelegate.swift */ = {isa = PBXFileReference; lastKnownFileType = sourcecode.swift; path = AppDelegate.swift; sourceTree = "<group>"; };
		841820FE289B61FA008C17F8 /* SceneDelegate.swift */ = {isa = PBXFileReference; lastKnownFileType = sourcecode.swift; path = SceneDelegate.swift; sourceTree = "<group>"; };
		84182100289B61FA008C17F8 /* ViewController.swift */ = {isa = PBXFileReference; lastKnownFileType = sourcecode.swift; path = ViewController.swift; sourceTree = "<group>"; };
		84182105289B61FC008C17F8 /* Assets.xcassets */ = {isa = PBXFileReference; lastKnownFileType = folder.assetcatalog; path = Assets.xcassets; sourceTree = "<group>"; };
		84182108289B61FC008C17F8 /* Base */ = {isa = PBXFileReference; lastKnownFileType = file.storyboard; name = Base; path = Base.lproj/LaunchScreen.storyboard; sourceTree = "<group>"; };
		8418210A289B61FC008C17F8 /* Info.plist */ = {isa = PBXFileReference; lastKnownFileType = text.plist.xml; path = Info.plist; sourceTree = "<group>"; };
		8449E44C28C5D67800E463E8 /* CalculatorViewModel.swift */ = {isa = PBXFileReference; lastKnownFileType = sourcecode.swift; path = CalculatorViewModel.swift; sourceTree = "<group>"; };
		8449E44E28C61F6100E463E8 /* ResultView.swift */ = {isa = PBXFileReference; lastKnownFileType = sourcecode.swift; path = ResultView.swift; sourceTree = "<group>"; };
		8449E45028C61FBD00E463E8 /* ButtonView.swift */ = {isa = PBXFileReference; lastKnownFileType = sourcecode.swift; path = ButtonView.swift; sourceTree = "<group>"; };
		84B2FA47289D69E4005E24AF /* SwipeController.swift */ = {isa = PBXFileReference; lastKnownFileType = sourcecode.swift; path = SwipeController.swift; sourceTree = "<group>"; };
		84B2FA49289D7BE7005E24AF /* PagedView.swift */ = {isa = PBXFileReference; lastKnownFileType = sourcecode.swift; path = PagedView.swift; sourceTree = "<group>"; };
		84B2FA4B289D8D48005E24AF /* OperatorHelper.swift */ = {isa = PBXFileReference; lastKnownFileType = sourcecode.swift; path = OperatorHelper.swift; sourceTree = "<group>"; };
		B6EF013AFB275C3A3180D1BF /* Pods_Calc.framework */ = {isa = PBXFileReference; explicitFileType = wrapper.framework; includeInIndex = 0; path = Pods_Calc.framework; sourceTree = BUILT_PRODUCTS_DIR; };
/* End PBXFileReference section */

/* Begin PBXFrameworksBuildPhase section */
		841820F6289B61FA008C17F8 /* Frameworks */ = {
			isa = PBXFrameworksBuildPhase;
			buildActionMask = 2147483647;
			files = (
				6D946E766B3321EA42F2AEF7 /* Pods_Calc.framework in Frameworks */,
			);
			runOnlyForDeploymentPostprocessing = 0;
		};
/* End PBXFrameworksBuildPhase section */

/* Begin PBXGroup section */
		1902C10900E171FA8618D973 /* Pods */ = {
			isa = PBXGroup;
			children = (
				77471EFA59F5270E02E7DFAE /* Pods-Calc.debug.xcconfig */,
				2F1E04D8E67953D4A64421C2 /* Pods-Calc.release.xcconfig */,
			);
			path = Pods;
			sourceTree = "<group>";
		};
		60528CA1BE8CAD6B63181E1B /* Frameworks */ = {
			isa = PBXGroup;
			children = (
				B6EF013AFB275C3A3180D1BF /* Pods_Calc.framework */,
			);
			name = Frameworks;
			sourceTree = "<group>";
		};
		841820F0289B61FA008C17F8 = {
			isa = PBXGroup;
			children = (
				841820FB289B61FA008C17F8 /* Calc */,
				841820FA289B61FA008C17F8 /* Products */,
				1902C10900E171FA8618D973 /* Pods */,
				60528CA1BE8CAD6B63181E1B /* Frameworks */,
			);
			sourceTree = "<group>";
		};
		841820FA289B61FA008C17F8 /* Products */ = {
			isa = PBXGroup;
			children = (
				841820F9289B61FA008C17F8 /* Calc.app */,
			);
			name = Products;
			sourceTree = "<group>";
		};
		841820FB289B61FA008C17F8 /* Calc */ = {
			isa = PBXGroup;
			children = (
				841820FC289B61FA008C17F8 /* AppDelegate.swift */,
				841820FE289B61FA008C17F8 /* SceneDelegate.swift */,
				84182100289B61FA008C17F8 /* ViewController.swift */,
				84182105289B61FC008C17F8 /* Assets.xcassets */,
				84182107289B61FC008C17F8 /* LaunchScreen.storyboard */,
				8418210A289B61FC008C17F8 /* Info.plist */,
				84B2FA47289D69E4005E24AF /* SwipeController.swift */,
				84B2FA49289D7BE7005E24AF /* PagedView.swift */,
				84B2FA4B289D8D48005E24AF /* OperatorHelper.swift */,
				8449E44C28C5D67800E463E8 /* CalculatorViewModel.swift */,
				8449E44E28C61F6100E463E8 /* ResultView.swift */,
				8449E45028C61FBD00E463E8 /* ButtonView.swift */,
			);
			path = Calc;
			sourceTree = "<group>";
		};
/* End PBXGroup section */

/* Begin PBXNativeTarget section */
		841820F8289B61FA008C17F8 /* Calc */ = {
			isa = PBXNativeTarget;
			buildConfigurationList = 8418210D289B61FC008C17F8 /* Build configuration list for PBXNativeTarget "Calc" */;
			buildPhases = (
				4A01D3F1A59B16654961DB6B /* [CP] Check Pods Manifest.lock */,
				841820F5289B61FA008C17F8 /* Sources */,
				841820F6289B61FA008C17F8 /* Frameworks */,
				841820F7289B61FA008C17F8 /* Resources */,
				A08DFA5C5C8BFEF075C17521 /* [CP] Embed Pods Frameworks */,
			);
			buildRules = (
			);
			dependencies = (
			);
			name = Calc;
			productName = Calc;
			productReference = 841820F9289B61FA008C17F8 /* Calc.app */;
			productType = "com.apple.product-type.application";
		};
/* End PBXNativeTarget section */

/* Begin PBXProject section */
		841820F1289B61FA008C17F8 /* Project object */ = {
			isa = PBXProject;
			attributes = {
				BuildIndependentTargetsInParallel = 1;
				LastSwiftUpdateCheck = 1340;
				LastUpgradeCheck = 1340;
				TargetAttributes = {
					841820F8289B61FA008C17F8 = {
						CreatedOnToolsVersion = 13.4.1;
					};
				};
			};
			buildConfigurationList = 841820F4289B61FA008C17F8 /* Build configuration list for PBXProject "Calc" */;
			compatibilityVersion = "Xcode 13.0";
			developmentRegion = en;
			hasScannedForEncodings = 0;
			knownRegions = (
				en,
				Base,
			);
			mainGroup = 841820F0289B61FA008C17F8;
			productRefGroup = 841820FA289B61FA008C17F8 /* Products */;
			projectDirPath = "";
			projectRoot = "";
			targets = (
				841820F8289B61FA008C17F8 /* Calc */,
			);
		};
/* End PBXProject section */

/* Begin PBXResourcesBuildPhase section */
		841820F7289B61FA008C17F8 /* Resources */ = {
			isa = PBXResourcesBuildPhase;
			buildActionMask = 2147483647;
			files = (
				84182109289B61FC008C17F8 /* LaunchScreen.storyboard in Resources */,
				84182106289B61FC008C17F8 /* Assets.xcassets in Resources */,
			);
			runOnlyForDeploymentPostprocessing = 0;
		};
/* End PBXResourcesBuildPhase section */

/* Begin PBXShellScriptBuildPhase section */
		4A01D3F1A59B16654961DB6B /* [CP] Check Pods Manifest.lock */ = {
			isa = PBXShellScriptBuildPhase;
			buildActionMask = 2147483647;
			files = (
			);
			inputFileListPaths = (
			);
			inputPaths = (
				"${PODS_PODFILE_DIR_PATH}/Podfile.lock",
				"${PODS_ROOT}/Manifest.lock",
			);
			name = "[CP] Check Pods Manifest.lock";
			outputFileListPaths = (
			);
			outputPaths = (
				"$(DERIVED_FILE_DIR)/Pods-Calc-checkManifestLockResult.txt",
			);
			runOnlyForDeploymentPostprocessing = 0;
			shellPath = /bin/sh;
			shellScript = "diff \"${PODS_PODFILE_DIR_PATH}/Podfile.lock\" \"${PODS_ROOT}/Manifest.lock\" > /dev/null\nif [ $? != 0 ] ; then\n    # print error to STDERR\n    echo \"error: The sandbox is not in sync with the Podfile.lock. Run 'pod install' or update your CocoaPods installation.\" >&2\n    exit 1\nfi\n# This output is used by Xcode 'outputs' to avoid re-running this script phase.\necho \"SUCCESS\" > \"${SCRIPT_OUTPUT_FILE_0}\"\n";
			showEnvVarsInLog = 0;
		};
		A08DFA5C5C8BFEF075C17521 /* [CP] Embed Pods Frameworks */ = {
			isa = PBXShellScriptBuildPhase;
			buildActionMask = 2147483647;
			files = (
			);
			inputFileListPaths = (
				"${PODS_ROOT}/Target Support Files/Pods-Calc/Pods-Calc-frameworks-${CONFIGURATION}-input-files.xcfilelist",
			);
			name = "[CP] Embed Pods Frameworks";
			outputFileListPaths = (
				"${PODS_ROOT}/Target Support Files/Pods-Calc/Pods-Calc-frameworks-${CONFIGURATION}-output-files.xcfilelist",
			);
			runOnlyForDeploymentPostprocessing = 0;
			shellPath = /bin/sh;
			shellScript = "\"${PODS_ROOT}/Target Support Files/Pods-Calc/Pods-Calc-frameworks.sh\"\n";
			showEnvVarsInLog = 0;
		};
/* End PBXShellScriptBuildPhase section */

/* Begin PBXSourcesBuildPhase section */
		841820F5289B61FA008C17F8 /* Sources */ = {
			isa = PBXSourcesBuildPhase;
			buildActionMask = 2147483647;
			files = (
				8449E44D28C5D67800E463E8 /* CalculatorViewModel.swift in Sources */,
				84B2FA48289D69E4005E24AF /* SwipeController.swift in Sources */,
				84B2FA4C289D8D49005E24AF /* OperatorHelper.swift in Sources */,
				84182101289B61FA008C17F8 /* ViewController.swift in Sources */,
				841820FD289B61FA008C17F8 /* AppDelegate.swift in Sources */,
				8449E44F28C61F6100E463E8 /* ResultView.swift in Sources */,
				841820FF289B61FA008C17F8 /* SceneDelegate.swift in Sources */,
				84B2FA4A289D7BE7005E24AF /* PagedView.swift in Sources */,
				8449E45128C61FBD00E463E8 /* ButtonView.swift in Sources */,
			);
			runOnlyForDeploymentPostprocessing = 0;
		};
/* End PBXSourcesBuildPhase section */

/* Begin PBXVariantGroup section */
		84182107289B61FC008C17F8 /* LaunchScreen.storyboard */ = {
			isa = PBXVariantGroup;
			children = (
				84182108289B61FC008C17F8 /* Base */,
			);
			name = LaunchScreen.storyboard;
			sourceTree = "<group>";
		};
/* End PBXVariantGroup section */

/* Begin XCBuildConfiguration section */
		8418210B289B61FC008C17F8 /* Debug */ = {
			isa = XCBuildConfiguration;
			buildSettings = {
				ALWAYS_SEARCH_USER_PATHS = NO;
				CLANG_ANALYZER_NONNULL = YES;
				CLANG_ANALYZER_NUMBER_OBJECT_CONVERSION = YES_AGGRESSIVE;
				CLANG_CXX_LANGUAGE_STANDARD = "gnu++17";
				CLANG_ENABLE_MODULES = YES;
				CLANG_ENABLE_OBJC_ARC = YES;
				CLANG_ENABLE_OBJC_WEAK = YES;
				CLANG_WARN_BLOCK_CAPTURE_AUTORELEASING = YES;
				CLANG_WARN_BOOL_CONVERSION = YES;
				CLANG_WARN_COMMA = YES;
				CLANG_WARN_CONSTANT_CONVERSION = YES;
				CLANG_WARN_DEPRECATED_OBJC_IMPLEMENTATIONS = YES;
				CLANG_WARN_DIRECT_OBJC_ISA_USAGE = YES_ERROR;
				CLANG_WARN_DOCUMENTATION_COMMENTS = YES;
				CLANG_WARN_EMPTY_BODY = YES;
				CLANG_WARN_ENUM_CONVERSION = YES;
				CLANG_WARN_INFINITE_RECURSION = YES;
				CLANG_WARN_INT_CONVERSION = YES;
				CLANG_WARN_NON_LITERAL_NULL_CONVERSION = YES;
				CLANG_WARN_OBJC_IMPLICIT_RETAIN_SELF = YES;
				CLANG_WARN_OBJC_LITERAL_CONVERSION = YES;
				CLANG_WARN_OBJC_ROOT_CLASS = YES_ERROR;
				CLANG_WARN_QUOTED_INCLUDE_IN_FRAMEWORK_HEADER = YES;
				CLANG_WARN_RANGE_LOOP_ANALYSIS = YES;
				CLANG_WARN_STRICT_PROTOTYPES = YES;
				CLANG_WARN_SUSPICIOUS_MOVE = YES;
				CLANG_WARN_UNGUARDED_AVAILABILITY = YES_AGGRESSIVE;
				CLANG_WARN_UNREACHABLE_CODE = YES;
				CLANG_WARN__DUPLICATE_METHOD_MATCH = YES;
				COPY_PHASE_STRIP = NO;
				DEBUG_INFORMATION_FORMAT = dwarf;
				ENABLE_STRICT_OBJC_MSGSEND = YES;
				ENABLE_TESTABILITY = YES;
				GCC_C_LANGUAGE_STANDARD = gnu11;
				GCC_DYNAMIC_NO_PIC = NO;
				GCC_NO_COMMON_BLOCKS = YES;
				GCC_OPTIMIZATION_LEVEL = 0;
				GCC_PREPROCESSOR_DEFINITIONS = (
					"DEBUG=1",
					"$(inherited)",
				);
				GCC_WARN_64_TO_32_BIT_CONVERSION = YES;
				GCC_WARN_ABOUT_RETURN_TYPE = YES_ERROR;
				GCC_WARN_UNDECLARED_SELECTOR = YES;
				GCC_WARN_UNINITIALIZED_AUTOS = YES_AGGRESSIVE;
				GCC_WARN_UNUSED_FUNCTION = YES;
				GCC_WARN_UNUSED_VARIABLE = YES;
				IPHONEOS_DEPLOYMENT_TARGET = 15.5;
				MTL_ENABLE_DEBUG_INFO = INCLUDE_SOURCE;
				MTL_FAST_MATH = YES;
				ONLY_ACTIVE_ARCH = YES;
				SDKROOT = iphoneos;
				SWIFT_ACTIVE_COMPILATION_CONDITIONS = DEBUG;
				SWIFT_OPTIMIZATION_LEVEL = "-Onone";
			};
			name = Debug;
		};
		8418210C289B61FC008C17F8 /* Release */ = {
			isa = XCBuildConfiguration;
			buildSettings = {
				ALWAYS_SEARCH_USER_PATHS = NO;
				CLANG_ANALYZER_NONNULL = YES;
				CLANG_ANALYZER_NUMBER_OBJECT_CONVERSION = YES_AGGRESSIVE;
				CLANG_CXX_LANGUAGE_STANDARD = "gnu++17";
				CLANG_ENABLE_MODULES = YES;
				CLANG_ENABLE_OBJC_ARC = YES;
				CLANG_ENABLE_OBJC_WEAK = YES;
				CLANG_WARN_BLOCK_CAPTURE_AUTORELEASING = YES;
				CLANG_WARN_BOOL_CONVERSION = YES;
				CLANG_WARN_COMMA = YES;
				CLANG_WARN_CONSTANT_CONVERSION = YES;
				CLANG_WARN_DEPRECATED_OBJC_IMPLEMENTATIONS = YES;
				CLANG_WARN_DIRECT_OBJC_ISA_USAGE = YES_ERROR;
				CLANG_WARN_DOCUMENTATION_COMMENTS = YES;
				CLANG_WARN_EMPTY_BODY = YES;
				CLANG_WARN_ENUM_CONVERSION = YES;
				CLANG_WARN_INFINITE_RECURSION = YES;
				CLANG_WARN_INT_CONVERSION = YES;
				CLANG_WARN_NON_LITERAL_NULL_CONVERSION = YES;
				CLANG_WARN_OBJC_IMPLICIT_RETAIN_SELF = YES;
				CLANG_WARN_OBJC_LITERAL_CONVERSION = YES;
				CLANG_WARN_OBJC_ROOT_CLASS = YES_ERROR;
				CLANG_WARN_QUOTED_INCLUDE_IN_FRAMEWORK_HEADER = YES;
				CLANG_WARN_RANGE_LOOP_ANALYSIS = YES;
				CLANG_WARN_STRICT_PROTOTYPES = YES;
				CLANG_WARN_SUSPICIOUS_MOVE = YES;
				CLANG_WARN_UNGUARDED_AVAILABILITY = YES_AGGRESSIVE;
				CLANG_WARN_UNREACHABLE_CODE = YES;
				CLANG_WARN__DUPLICATE_METHOD_MATCH = YES;
				COPY_PHASE_STRIP = NO;
				DEBUG_INFORMATION_FORMAT = "dwarf-with-dsym";
				ENABLE_NS_ASSERTIONS = NO;
				ENABLE_STRICT_OBJC_MSGSEND = YES;
				GCC_C_LANGUAGE_STANDARD = gnu11;
				GCC_NO_COMMON_BLOCKS = YES;
				GCC_WARN_64_TO_32_BIT_CONVERSION = YES;
				GCC_WARN_ABOUT_RETURN_TYPE = YES_ERROR;
				GCC_WARN_UNDECLARED_SELECTOR = YES;
				GCC_WARN_UNINITIALIZED_AUTOS = YES_AGGRESSIVE;
				GCC_WARN_UNUSED_FUNCTION = YES;
				GCC_WARN_UNUSED_VARIABLE = YES;
				IPHONEOS_DEPLOYMENT_TARGET = 15.5;
				MTL_ENABLE_DEBUG_INFO = NO;
				MTL_FAST_MATH = YES;
				SDKROOT = iphoneos;
				SWIFT_COMPILATION_MODE = wholemodule;
				SWIFT_OPTIMIZATION_LEVEL = "-O";
				VALIDATE_PRODUCT = YES;
			};
			name = Release;
		};
		8418210E289B61FC008C17F8 /* Debug */ = {
			isa = XCBuildConfiguration;
			baseConfigurationReference = 77471EFA59F5270E02E7DFAE /* Pods-Calc.debug.xcconfig */;
			buildSettings = {
				ASSETCATALOG_COMPILER_APPICON_NAME = AppIcon;
				ASSETCATALOG_COMPILER_GLOBAL_ACCENT_COLOR_NAME = AccentColor;
				CODE_SIGN_STYLE = Automatic;
				CURRENT_PROJECT_VERSION = 1;
				DEVELOPMENT_TEAM = 5UW74DAN6R;
				GENERATE_INFOPLIST_FILE = YES;
				INFOPLIST_FILE = Calc/Info.plist;
				INFOPLIST_KEY_UIApplicationSupportsIndirectInputEvents = YES;
				INFOPLIST_KEY_UILaunchStoryboardName = LaunchScreen;
				INFOPLIST_KEY_UISupportedInterfaceOrientations = "UIInterfaceOrientationPortrait UIInterfaceOrientationPortraitUpsideDown UIInterfaceOrientationLandscapeLeft UIInterfaceOrientationLandscapeRight";
				INFOPLIST_KEY_UISupportedInterfaceOrientations_iPad = "UIInterfaceOrientationPortrait UIInterfaceOrientationPortraitUpsideDown UIInterfaceOrientationLandscapeLeft UIInterfaceOrientationLandscapeRight";
				INFOPLIST_KEY_UISupportedInterfaceOrientations_iPhone = "UIInterfaceOrientationPortrait UIInterfaceOrientationLandscapeLeft UIInterfaceOrientationLandscapeRight";
				LD_RUNPATH_SEARCH_PATHS = (
					"$(inherited)",
					"@executable_path/Frameworks",
				);
				MARKETING_VERSION = 1.0;
				PRODUCT_BUNDLE_IDENTIFIER = com.vri.amini.Calc;
				PRODUCT_NAME = "$(TARGET_NAME)";
				SWIFT_EMIT_LOC_STRINGS = YES;
				SWIFT_VERSION = 5.0;
				TARGETED_DEVICE_FAMILY = "1,2";
			};
			name = Debug;
		};
		8418210F289B61FC008C17F8 /* Release */ = {
			isa = XCBuildConfiguration;
			baseConfigurationReference = 2F1E04D8E67953D4A64421C2 /* Pods-Calc.release.xcconfig */;
			buildSettings = {
				ASSETCATALOG_COMPILER_APPICON_NAME = AppIcon;
				ASSETCATALOG_COMPILER_GLOBAL_ACCENT_COLOR_NAME = AccentColor;
				CODE_SIGN_STYLE = Automatic;
				CURRENT_PROJECT_VERSION = 1;
				DEVELOPMENT_TEAM = 5UW74DAN6R;
				GENERATE_INFOPLIST_FILE = YES;
				INFOPLIST_FILE = Calc/Info.plist;
				INFOPLIST_KEY_UIApplicationSupportsIndirectInputEvents = YES;
				INFOPLIST_KEY_UILaunchStoryboardName = LaunchScreen;
				INFOPLIST_KEY_UISupportedInterfaceOrientations = "UIInterfaceOrientationPortrait UIInterfaceOrientationPortraitUpsideDown UIInterfaceOrientationLandscapeLeft UIInterfaceOrientationLandscapeRight";
				INFOPLIST_KEY_UISupportedInterfaceOrientations_iPad = "UIInterfaceOrientationPortrait UIInterfaceOrientationPortraitUpsideDown UIInterfaceOrientationLandscapeLeft UIInterfaceOrientationLandscapeRight";
				INFOPLIST_KEY_UISupportedInterfaceOrientations_iPhone = "UIInterfaceOrientationPortrait UIInterfaceOrientationLandscapeLeft UIInterfaceOrientationLandscapeRight";
				LD_RUNPATH_SEARCH_PATHS = (
					"$(inherited)",
					"@executable_path/Frameworks",
				);
				MARKETING_VERSION = 1.0;
				PRODUCT_BUNDLE_IDENTIFIER = com.vri.amini.Calc;
				PRODUCT_NAME = "$(TARGET_NAME)";
				SWIFT_EMIT_LOC_STRINGS = YES;
				SWIFT_VERSION = 5.0;
				TARGETED_DEVICE_FAMILY = "1,2";
			};
			name = Release;
		};
/* End XCBuildConfiguration section */

/* Begin XCConfigurationList section */
		841820F4289B61FA008C17F8 /* Build configuration list for PBXProject "Calc" */ = {
			isa = XCConfigurationList;
			buildConfigurations = (
				8418210B289B61FC008C17F8 /* Debug */,
				8418210C289B61FC008C17F8 /* Release */,
			);
			defaultConfigurationIsVisible = 0;
			defaultConfigurationName = Release;
		};
		8418210D289B61FC008C17F8 /* Build configuration list for PBXNativeTarget "Calc" */ = {
			isa = XCConfigurationList;
			buildConfigurations = (
				8418210E289B61FC008C17F8 /* Debug */,
				8418210F289B61FC008C17F8 /* Release */,
			);
			defaultConfigurationIsVisible = 0;
			defaultConfigurationName = Release;
		};
/* End XCConfigurationList section */
	};
	rootObject = 841820F1289B61FA008C17F8 /* Project object */;
}
